
Microsoft Visual Studio Solution File, Format Version 12.00
# Visual Studio Version 17
VisualStudioVersion = 17.9.34728.123
MinimumVisualStudioVersion = 10.0.40219.1
Project("{FAE04EC0-301F-11D3-BF4B-00C04F79EFBC}") = "Practica-Colas", "Practica-Colas.csproj", "{65A6C980-5FD6-4574-92DE-998BDAAE2468}"
EndProject
Global
	GlobalSection(SolutionConfigurationPlatforms) = preSolution
		Debug|Any CPU = Debug|Any CPU
		Release|Any CPU = Release|Any CPU
	EndGlobalSection
	GlobalSection(ProjectConfigurationPlatforms) = postSolution
		{65A6C980-5FD6-4574-92DE-998BDAAE2468}.Debug|Any CPU.ActiveCfg = Debug|Any CPU
		{65A6C980-5FD6-4574-92DE-998BDAAE2468}.Debug|Any CPU.Build.0 = Debug|Any CPU
		{65A6C980-5FD6-4574-92DE-998BDAAE2468}.Release|Any CPU.ActiveCfg = Release|Any CPU
		{65A6C980-5FD6-4574-92DE-998BDAAE2468}.Release|Any CPU.Build.0 = Release|Any CPU
	EndGlobalSection
	GlobalSection(SolutionProperties) = preSolution
		HideSolutionNode = FALSE
	EndGlobalSection
	GlobalSection(ExtensibilityGlobals) = postSolution
		SolutionGuid = {B12D1D82-970D-400F-AC8F-7F543F2847BB}
	EndGlobalSection
EndGlobal
